// !$*UTF8*$!
{
	archiveVersion = 1;
	classes = {
	};
	objectVersion = 55;
	objects = {

/* Begin PBXBuildFile section */
		B3E5253128A526B800FBA21C /* AppDelegate.swift in Sources */ = {isa = PBXBuildFile; fileRef = B3E5253028A526B800FBA21C /* AppDelegate.swift */; };
		B3E5253328A526B800FBA21C /* SceneDelegate.swift in Sources */ = {isa = PBXBuildFile; fileRef = B3E5253228A526B800FBA21C /* SceneDelegate.swift */; };
		B3E5253A28A526BB00FBA21C /* Assets.xcassets in Resources */ = {isa = PBXBuildFile; fileRef = B3E5253928A526BB00FBA21C /* Assets.xcassets */; };
		B3E5253D28A526BB00FBA21C /* LaunchScreen.storyboard in Resources */ = {isa = PBXBuildFile; fileRef = B3E5253B28A526BB00FBA21C /* LaunchScreen.storyboard */; };
		B3E5254F28A53EEE00FBA21C /* SearchViewController.swift in Sources */ = {isa = PBXBuildFile; fileRef = B3E5254E28A53EEE00FBA21C /* SearchViewController.swift */; };
		B3E5255128A641AF00FBA21C /* SearchViewModel.swift in Sources */ = {isa = PBXBuildFile; fileRef = B3E5255028A641AF00FBA21C /* SearchViewModel.swift */; };
		B3E5255628A645DC00FBA21C /* Endpoint.swift in Sources */ = {isa = PBXBuildFile; fileRef = B3E5255528A645DC00FBA21C /* Endpoint.swift */; };
		B3E5255828A646B300FBA21C /* HTTPMethod.swift in Sources */ = {isa = PBXBuildFile; fileRef = B3E5255728A646B300FBA21C /* HTTPMethod.swift */; };
		B3E5255B28A648C200FBA21C /* Endpointable.swift in Sources */ = {isa = PBXBuildFile; fileRef = B3E5255A28A648C200FBA21C /* Endpointable.swift */; };
		B3E5255F28A64F1F00FBA21C /* NetworkService.swift in Sources */ = {isa = PBXBuildFile; fileRef = B3E5255E28A64F1F00FBA21C /* NetworkService.swift */; };
		B3E5256128A64F5700FBA21C /* NetworkError.swift in Sources */ = {isa = PBXBuildFile; fileRef = B3E5256028A64F5700FBA21C /* NetworkError.swift */; };
		B3E5256428A6503100FBA21C /* NetworkServiceable.swift in Sources */ = {isa = PBXBuildFile; fileRef = B3E5256328A6503100FBA21C /* NetworkServiceable.swift */; };
		B3E5256728A656CA00FBA21C /* DetailPageDTO.swift in Sources */ = {isa = PBXBuildFile; fileRef = B3E5256628A656CA00FBA21C /* DetailPageDTO.swift */; };
		B3E5256928A6571D00FBA21C /* APPSearchDTO.swift in Sources */ = {isa = PBXBuildFile; fileRef = B3E5256828A6571D00FBA21C /* APPSearchDTO.swift */; };
/* End PBXBuildFile section */

/* Begin PBXFileReference section */
		B3E5252D28A526B800FBA21C /* idus_Assignment.app */ = {isa = PBXFileReference; explicitFileType = wrapper.application; includeInIndex = 0; path = idus_Assignment.app; sourceTree = BUILT_PRODUCTS_DIR; };
		B3E5253028A526B800FBA21C /* AppDelegate.swift */ = {isa = PBXFileReference; lastKnownFileType = sourcecode.swift; path = AppDelegate.swift; sourceTree = "<group>"; };
		B3E5253228A526B800FBA21C /* SceneDelegate.swift */ = {isa = PBXFileReference; lastKnownFileType = sourcecode.swift; path = SceneDelegate.swift; sourceTree = "<group>"; };
		B3E5253928A526BB00FBA21C /* Assets.xcassets */ = {isa = PBXFileReference; lastKnownFileType = folder.assetcatalog; path = Assets.xcassets; sourceTree = "<group>"; };
		B3E5253C28A526BB00FBA21C /* Base */ = {isa = PBXFileReference; lastKnownFileType = file.storyboard; name = Base; path = Base.lproj/LaunchScreen.storyboard; sourceTree = "<group>"; };
		B3E5253E28A526BB00FBA21C /* Info.plist */ = {isa = PBXFileReference; lastKnownFileType = text.plist.xml; path = Info.plist; sourceTree = "<group>"; };
		B3E5254E28A53EEE00FBA21C /* SearchViewController.swift */ = {isa = PBXFileReference; lastKnownFileType = sourcecode.swift; path = SearchViewController.swift; sourceTree = "<group>"; };
		B3E5255028A641AF00FBA21C /* SearchViewModel.swift */ = {isa = PBXFileReference; lastKnownFileType = sourcecode.swift; path = SearchViewModel.swift; sourceTree = "<group>"; };
		B3E5255528A645DC00FBA21C /* Endpoint.swift */ = {isa = PBXFileReference; lastKnownFileType = sourcecode.swift; path = Endpoint.swift; sourceTree = "<group>"; };
		B3E5255728A646B300FBA21C /* HTTPMethod.swift */ = {isa = PBXFileReference; lastKnownFileType = sourcecode.swift; path = HTTPMethod.swift; sourceTree = "<group>"; };
		B3E5255A28A648C200FBA21C /* Endpointable.swift */ = {isa = PBXFileReference; lastKnownFileType = sourcecode.swift; path = Endpointable.swift; sourceTree = "<group>"; };
		B3E5255E28A64F1F00FBA21C /* NetworkService.swift */ = {isa = PBXFileReference; lastKnownFileType = sourcecode.swift; path = NetworkService.swift; sourceTree = "<group>"; };
		B3E5256028A64F5700FBA21C /* NetworkError.swift */ = {isa = PBXFileReference; lastKnownFileType = sourcecode.swift; path = NetworkError.swift; sourceTree = "<group>"; };
		B3E5256328A6503100FBA21C /* NetworkServiceable.swift */ = {isa = PBXFileReference; lastKnownFileType = sourcecode.swift; path = NetworkServiceable.swift; sourceTree = "<group>"; };
		B3E5256628A656CA00FBA21C /* DetailPageDTO.swift */ = {isa = PBXFileReference; lastKnownFileType = sourcecode.swift; path = DetailPageDTO.swift; sourceTree = "<group>"; };
		B3E5256828A6571D00FBA21C /* APPSearchDTO.swift */ = {isa = PBXFileReference; lastKnownFileType = sourcecode.swift; path = APPSearchDTO.swift; sourceTree = "<group>"; };
/* End PBXFileReference section */

/* Begin PBXFrameworksBuildPhase section */
		B3E5252A28A526B800FBA21C /* Frameworks */ = {
			isa = PBXFrameworksBuildPhase;
			buildActionMask = 2147483647;
			files = (
			);
			runOnlyForDeploymentPostprocessing = 0;
		};
/* End PBXFrameworksBuildPhase section */

/* Begin PBXGroup section */
		B3E5252428A526B800FBA21C = {
			isa = PBXGroup;
			children = (
				B3E5252F28A526B800FBA21C /* idus_Assignment */,
				B3E5252E28A526B800FBA21C /* Products */,
			);
			sourceTree = "<group>";
		};
		B3E5252E28A526B800FBA21C /* Products */ = {
			isa = PBXGroup;
			children = (
				B3E5252D28A526B800FBA21C /* idus_Assignment.app */,
			);
			name = Products;
			sourceTree = "<group>";
		};
		B3E5252F28A526B800FBA21C /* idus_Assignment */ = {
			isa = PBXGroup;
			children = (
				B3E5254928A53BF400FBA21C /* PresentationLayer */,
				B3E5254C28A53C1B00FBA21C /* DomainLayer */,
				B3E5254428A5338200FBA21C /* DataLayer */,
				B3E5253028A526B800FBA21C /* AppDelegate.swift */,
				B3E5253228A526B800FBA21C /* SceneDelegate.swift */,
				B3E5253928A526BB00FBA21C /* Assets.xcassets */,
				B3E5253B28A526BB00FBA21C /* LaunchScreen.storyboard */,
				B3E5253E28A526BB00FBA21C /* Info.plist */,
			);
			path = idus_Assignment;
			sourceTree = "<group>";
		};
		B3E5254428A5338200FBA21C /* DataLayer */ = {
			isa = PBXGroup;
			children = (
				B3E5256528A651C800FBA21C /* Repository */,
				B3E5254628A5376F00FBA21C /* DTO */,
				B3E5254528A533A700FBA21C /* Network */,
			);
			path = DataLayer;
			sourceTree = "<group>";
		};
		B3E5254528A533A700FBA21C /* Network */ = {
			isa = PBXGroup;
			children = (
				B3E5255C28A64C2500FBA21C /* Service */,
				B3E5255328A6435A00FBA21C /* EndPoint */,
			);
			path = Network;
			sourceTree = "<group>";
		};
		B3E5254628A5376F00FBA21C /* DTO */ = {
			isa = PBXGroup;
			children = (
				B3E5256628A656CA00FBA21C /* DetailPageDTO.swift */,
				B3E5256828A6571D00FBA21C /* APPSearchDTO.swift */,
			);
			path = DTO;
			sourceTree = "<group>";
		};
		B3E5254928A53BF400FBA21C /* PresentationLayer */ = {
			isa = PBXGroup;
			children = (
				B3E5254B28A53C0D00FBA21C /* ViewModel */,
				B3E5254A28A53C0400FBA21C /* View */,
			);
			path = PresentationLayer;
			sourceTree = "<group>";
		};
		B3E5254A28A53C0400FBA21C /* View */ = {
			isa = PBXGroup;
			children = (
				B3E5254E28A53EEE00FBA21C /* SearchViewController.swift */,
			);
			path = View;
			sourceTree = "<group>";
		};
		B3E5254B28A53C0D00FBA21C /* ViewModel */ = {
			isa = PBXGroup;
			children = (
				B3E5255028A641AF00FBA21C /* SearchViewModel.swift */,
			);
			path = ViewModel;
			sourceTree = "<group>";
		};
		B3E5254C28A53C1B00FBA21C /* DomainLayer */ = {
			isa = PBXGroup;
			children = (
				B3E5255228A6423500FBA21C /* SearchUsecase */,
			);
			path = DomainLayer;
			sourceTree = "<group>";
		};
		B3E5255228A6423500FBA21C /* SearchUsecase */ = {
			isa = PBXGroup;
			children = (
			);
			path = SearchUsecase;
			sourceTree = "<group>";
		};
		B3E5255328A6435A00FBA21C /* EndPoint */ = {
			isa = PBXGroup;
			children = (
				B3E5255528A645DC00FBA21C /* Endpoint.swift */,
				B3E5255728A646B300FBA21C /* HTTPMethod.swift */,
				B3E5255428A6436D00FBA21C /* Protocol */,
			);
			path = EndPoint;
			sourceTree = "<group>";
		};
		B3E5255428A6436D00FBA21C /* Protocol */ = {
			isa = PBXGroup;
			children = (
				B3E5255A28A648C200FBA21C /* Endpointable.swift */,
			);
			path = Protocol;
			sourceTree = "<group>";
		};
		B3E5255C28A64C2500FBA21C /* Service */ = {
			isa = PBXGroup;
			children = (
				B3E5255E28A64F1F00FBA21C /* NetworkService.swift */,
				B3E5256028A64F5700FBA21C /* NetworkError.swift */,
				B3E5256228A6501600FBA21C /* Protocol */,
			);
			path = Service;
			sourceTree = "<group>";
		};
		B3E5256228A6501600FBA21C /* Protocol */ = {
			isa = PBXGroup;
			children = (
				B3E5256328A6503100FBA21C /* NetworkServiceable.swift */,
			);
			path = Protocol;
			sourceTree = "<group>";
		};
		B3E5256528A651C800FBA21C /* Repository */ = {
			isa = PBXGroup;
			children = (
			);
			path = Repository;
			sourceTree = "<group>";
		};
/* End PBXGroup section */

/* Begin PBXNativeTarget section */
		B3E5252C28A526B800FBA21C /* idus_Assignment */ = {
			isa = PBXNativeTarget;
			buildConfigurationList = B3E5254128A526BB00FBA21C /* Build configuration list for PBXNativeTarget "idus_Assignment" */;
			buildPhases = (
				B3E5252928A526B800FBA21C /* Sources */,
				B3E5252A28A526B800FBA21C /* Frameworks */,
				B3E5252B28A526B800FBA21C /* Resources */,
			);
			buildRules = (
			);
			dependencies = (
			);
			name = idus_Assignment;
			productName = idus_Assignment;
			productReference = B3E5252D28A526B800FBA21C /* idus_Assignment.app */;
			productType = "com.apple.product-type.application";
		};
/* End PBXNativeTarget section */

/* Begin PBXProject section */
		B3E5252528A526B800FBA21C /* Project object */ = {
			isa = PBXProject;
			attributes = {
				BuildIndependentTargetsInParallel = 1;
				LastSwiftUpdateCheck = 1340;
				LastUpgradeCheck = 1340;
				TargetAttributes = {
					B3E5252C28A526B800FBA21C = {
						CreatedOnToolsVersion = 13.4.1;
					};
				};
			};
			buildConfigurationList = B3E5252828A526B800FBA21C /* Build configuration list for PBXProject "idus_Assignment" */;
			compatibilityVersion = "Xcode 13.0";
			developmentRegion = en;
			hasScannedForEncodings = 0;
			knownRegions = (
				en,
				Base,
			);
			mainGroup = B3E5252428A526B800FBA21C;
			productRefGroup = B3E5252E28A526B800FBA21C /* Products */;
			projectDirPath = "";
			projectRoot = "";
			targets = (
				B3E5252C28A526B800FBA21C /* idus_Assignment */,
			);
		};
/* End PBXProject section */

/* Begin PBXResourcesBuildPhase section */
		B3E5252B28A526B800FBA21C /* Resources */ = {
			isa = PBXResourcesBuildPhase;
			buildActionMask = 2147483647;
			files = (
				B3E5253D28A526BB00FBA21C /* LaunchScreen.storyboard in Resources */,
				B3E5253A28A526BB00FBA21C /* Assets.xcassets in Resources */,
			);
			runOnlyForDeploymentPostprocessing = 0;
		};
/* End PBXResourcesBuildPhase section */

/* Begin PBXSourcesBuildPhase section */
		B3E5252928A526B800FBA21C /* Sources */ = {
			isa = PBXSourcesBuildPhase;
			buildActionMask = 2147483647;
			files = (
				B3E5255128A641AF00FBA21C /* SearchViewModel.swift in Sources */,
				B3E5255B28A648C200FBA21C /* Endpointable.swift in Sources */,
				B3E5255828A646B300FBA21C /* HTTPMethod.swift in Sources */,
				B3E5256428A6503100FBA21C /* NetworkServiceable.swift in Sources */,
				B3E5255F28A64F1F00FBA21C /* NetworkService.swift in Sources */,
				B3E5253128A526B800FBA21C /* AppDelegate.swift in Sources */,
				B3E5256728A656CA00FBA21C /* DetailPageDTO.swift in Sources */,
				B3E5254F28A53EEE00FBA21C /* SearchViewController.swift in Sources */,
				B3E5255628A645DC00FBA21C /* Endpoint.swift in Sources */,
				B3E5253328A526B800FBA21C /* SceneDelegate.swift in Sources */,
				B3E5256128A64F5700FBA21C /* NetworkError.swift in Sources */,
				B3E5256928A6571D00FBA21C /* APPSearchDTO.swift in Sources */,
			);
			runOnlyForDeploymentPostprocessing = 0;
		};
/* End PBXSourcesBuildPhase section */

/* Begin PBXVariantGroup section */
		B3E5253B28A526BB00FBA21C /* LaunchScreen.storyboard */ = {
			isa = PBXVariantGroup;
			children = (
				B3E5253C28A526BB00FBA21C /* Base */,
			);
			name = LaunchScreen.storyboard;
			sourceTree = "<group>";
		};
/* End PBXVariantGroup section */

/* Begin XCBuildConfiguration section */
		B3E5253F28A526BB00FBA21C /* Debug */ = {
			isa = XCBuildConfiguration;
			buildSettings = {
				ALWAYS_SEARCH_USER_PATHS = NO;
				CLANG_ANALYZER_NONNULL = YES;
				CLANG_ANALYZER_NUMBER_OBJECT_CONVERSION = YES_AGGRESSIVE;
				CLANG_CXX_LANGUAGE_STANDARD = "gnu++17";
				CLANG_ENABLE_MODULES = YES;
				CLANG_ENABLE_OBJC_ARC = YES;
				CLANG_ENABLE_OBJC_WEAK = YES;
				CLANG_WARN_BLOCK_CAPTURE_AUTORELEASING = YES;
				CLANG_WARN_BOOL_CONVERSION = YES;
				CLANG_WARN_COMMA = YES;
				CLANG_WARN_CONSTANT_CONVERSION = YES;
				CLANG_WARN_DEPRECATED_OBJC_IMPLEMENTATIONS = YES;
				CLANG_WARN_DIRECT_OBJC_ISA_USAGE = YES_ERROR;
				CLANG_WARN_DOCUMENTATION_COMMENTS = YES;
				CLANG_WARN_EMPTY_BODY = YES;
				CLANG_WARN_ENUM_CONVERSION = YES;
				CLANG_WARN_INFINITE_RECURSION = YES;
				CLANG_WARN_INT_CONVERSION = YES;
				CLANG_WARN_NON_LITERAL_NULL_CONVERSION = YES;
				CLANG_WARN_OBJC_IMPLICIT_RETAIN_SELF = YES;
				CLANG_WARN_OBJC_LITERAL_CONVERSION = YES;
				CLANG_WARN_OBJC_ROOT_CLASS = YES_ERROR;
				CLANG_WARN_QUOTED_INCLUDE_IN_FRAMEWORK_HEADER = YES;
				CLANG_WARN_RANGE_LOOP_ANALYSIS = YES;
				CLANG_WARN_STRICT_PROTOTYPES = YES;
				CLANG_WARN_SUSPICIOUS_MOVE = YES;
				CLANG_WARN_UNGUARDED_AVAILABILITY = YES_AGGRESSIVE;
				CLANG_WARN_UNREACHABLE_CODE = YES;
				CLANG_WARN__DUPLICATE_METHOD_MATCH = YES;
				COPY_PHASE_STRIP = NO;
				DEBUG_INFORMATION_FORMAT = dwarf;
				ENABLE_STRICT_OBJC_MSGSEND = YES;
				ENABLE_TESTABILITY = YES;
				GCC_C_LANGUAGE_STANDARD = gnu11;
				GCC_DYNAMIC_NO_PIC = NO;
				GCC_NO_COMMON_BLOCKS = YES;
				GCC_OPTIMIZATION_LEVEL = 0;
				GCC_PREPROCESSOR_DEFINITIONS = (
					"DEBUG=1",
					"$(inherited)",
				);
				GCC_WARN_64_TO_32_BIT_CONVERSION = YES;
				GCC_WARN_ABOUT_RETURN_TYPE = YES_ERROR;
				GCC_WARN_UNDECLARED_SELECTOR = YES;
				GCC_WARN_UNINITIALIZED_AUTOS = YES_AGGRESSIVE;
				GCC_WARN_UNUSED_FUNCTION = YES;
				GCC_WARN_UNUSED_VARIABLE = YES;
				IPHONEOS_DEPLOYMENT_TARGET = 15.5;
				MTL_ENABLE_DEBUG_INFO = INCLUDE_SOURCE;
				MTL_FAST_MATH = YES;
				ONLY_ACTIVE_ARCH = YES;
				SDKROOT = iphoneos;
				SWIFT_ACTIVE_COMPILATION_CONDITIONS = DEBUG;
				SWIFT_OPTIMIZATION_LEVEL = "-Onone";
			};
			name = Debug;
		};
		B3E5254028A526BB00FBA21C /* Release */ = {
			isa = XCBuildConfiguration;
			buildSettings = {
				ALWAYS_SEARCH_USER_PATHS = NO;
				CLANG_ANALYZER_NONNULL = YES;
				CLANG_ANALYZER_NUMBER_OBJECT_CONVERSION = YES_AGGRESSIVE;
				CLANG_CXX_LANGUAGE_STANDARD = "gnu++17";
				CLANG_ENABLE_MODULES = YES;
				CLANG_ENABLE_OBJC_ARC = YES;
				CLANG_ENABLE_OBJC_WEAK = YES;
				CLANG_WARN_BLOCK_CAPTURE_AUTORELEASING = YES;
				CLANG_WARN_BOOL_CONVERSION = YES;
				CLANG_WARN_COMMA = YES;
				CLANG_WARN_CONSTANT_CONVERSION = YES;
				CLANG_WARN_DEPRECATED_OBJC_IMPLEMENTATIONS = YES;
				CLANG_WARN_DIRECT_OBJC_ISA_USAGE = YES_ERROR;
				CLANG_WARN_DOCUMENTATION_COMMENTS = YES;
				CLANG_WARN_EMPTY_BODY = YES;
				CLANG_WARN_ENUM_CONVERSION = YES;
				CLANG_WARN_INFINITE_RECURSION = YES;
				CLANG_WARN_INT_CONVERSION = YES;
				CLANG_WARN_NON_LITERAL_NULL_CONVERSION = YES;
				CLANG_WARN_OBJC_IMPLICIT_RETAIN_SELF = YES;
				CLANG_WARN_OBJC_LITERAL_CONVERSION = YES;
				CLANG_WARN_OBJC_ROOT_CLASS = YES_ERROR;
				CLANG_WARN_QUOTED_INCLUDE_IN_FRAMEWORK_HEADER = YES;
				CLANG_WARN_RANGE_LOOP_ANALYSIS = YES;
				CLANG_WARN_STRICT_PROTOTYPES = YES;
				CLANG_WARN_SUSPICIOUS_MOVE = YES;
				CLANG_WARN_UNGUARDED_AVAILABILITY = YES_AGGRESSIVE;
				CLANG_WARN_UNREACHABLE_CODE = YES;
				CLANG_WARN__DUPLICATE_METHOD_MATCH = YES;
				COPY_PHASE_STRIP = NO;
				DEBUG_INFORMATION_FORMAT = "dwarf-with-dsym";
				ENABLE_NS_ASSERTIONS = NO;
				ENABLE_STRICT_OBJC_MSGSEND = YES;
				GCC_C_LANGUAGE_STANDARD = gnu11;
				GCC_NO_COMMON_BLOCKS = YES;
				GCC_WARN_64_TO_32_BIT_CONVERSION = YES;
				GCC_WARN_ABOUT_RETURN_TYPE = YES_ERROR;
				GCC_WARN_UNDECLARED_SELECTOR = YES;
				GCC_WARN_UNINITIALIZED_AUTOS = YES_AGGRESSIVE;
				GCC_WARN_UNUSED_FUNCTION = YES;
				GCC_WARN_UNUSED_VARIABLE = YES;
				IPHONEOS_DEPLOYMENT_TARGET = 15.5;
				MTL_ENABLE_DEBUG_INFO = NO;
				MTL_FAST_MATH = YES;
				SDKROOT = iphoneos;
				SWIFT_COMPILATION_MODE = wholemodule;
				SWIFT_OPTIMIZATION_LEVEL = "-O";
				VALIDATE_PRODUCT = YES;
			};
			name = Release;
		};
		B3E5254228A526BB00FBA21C /* Debug */ = {
			isa = XCBuildConfiguration;
			buildSettings = {
				ASSETCATALOG_COMPILER_APPICON_NAME = AppIcon;
				ASSETCATALOG_COMPILER_GLOBAL_ACCENT_COLOR_NAME = AccentColor;
				CODE_SIGN_STYLE = Automatic;
				CURRENT_PROJECT_VERSION = 1;
				DEVELOPMENT_TEAM = 9FL2F2U32R;
				GENERATE_INFOPLIST_FILE = YES;
				INFOPLIST_FILE = idus_Assignment/Info.plist;
				INFOPLIST_KEY_UIApplicationSupportsIndirectInputEvents = YES;
				INFOPLIST_KEY_UILaunchStoryboardName = LaunchScreen;
				INFOPLIST_KEY_UISupportedInterfaceOrientations_iPad = "UIInterfaceOrientationPortrait UIInterfaceOrientationPortraitUpsideDown UIInterfaceOrientationLandscapeLeft UIInterfaceOrientationLandscapeRight";
				INFOPLIST_KEY_UISupportedInterfaceOrientations_iPhone = "UIInterfaceOrientationPortrait UIInterfaceOrientationLandscapeLeft UIInterfaceOrientationLandscapeRight";
				IPHONEOS_DEPLOYMENT_TARGET = 13.0;
				LD_RUNPATH_SEARCH_PATHS = (
					"$(inherited)",
					"@executable_path/Frameworks",
				);
				MARKETING_VERSION = 1.0;
				PRODUCT_BUNDLE_IDENTIFIER = "chez.idus-Assignment";
				PRODUCT_NAME = "$(TARGET_NAME)";
				SWIFT_EMIT_LOC_STRINGS = YES;
				SWIFT_VERSION = 5.0;
				TARGETED_DEVICE_FAMILY = "1,2";
			};
			name = Debug;
		};
		B3E5254328A526BB00FBA21C /* Release */ = {
			isa = XCBuildConfiguration;
			buildSettings = {
				ASSETCATALOG_COMPILER_APPICON_NAME = AppIcon;
				ASSETCATALOG_COMPILER_GLOBAL_ACCENT_COLOR_NAME = AccentColor;
				CODE_SIGN_STYLE = Automatic;
				CURRENT_PROJECT_VERSION = 1;
				DEVELOPMENT_TEAM = 9FL2F2U32R;
				GENERATE_INFOPLIST_FILE = YES;
				INFOPLIST_FILE = idus_Assignment/Info.plist;
				INFOPLIST_KEY_UIApplicationSupportsIndirectInputEvents = YES;
				INFOPLIST_KEY_UILaunchStoryboardName = LaunchScreen;
				INFOPLIST_KEY_UISupportedInterfaceOrientations_iPad = "UIInterfaceOrientationPortrait UIInterfaceOrientationPortraitUpsideDown UIInterfaceOrientationLandscapeLeft UIInterfaceOrientationLandscapeRight";
				INFOPLIST_KEY_UISupportedInterfaceOrientations_iPhone = "UIInterfaceOrientationPortrait UIInterfaceOrientationLandscapeLeft UIInterfaceOrientationLandscapeRight";
				IPHONEOS_DEPLOYMENT_TARGET = 13.0;
				LD_RUNPATH_SEARCH_PATHS = (
					"$(inherited)",
					"@executable_path/Frameworks",
				);
				MARKETING_VERSION = 1.0;
				PRODUCT_BUNDLE_IDENTIFIER = "chez.idus-Assignment";
				PRODUCT_NAME = "$(TARGET_NAME)";
				SWIFT_EMIT_LOC_STRINGS = YES;
				SWIFT_VERSION = 5.0;
				TARGETED_DEVICE_FAMILY = "1,2";
			};
			name = Release;
		};
/* End XCBuildConfiguration section */

/* Begin XCConfigurationList section */
		B3E5252828A526B800FBA21C /* Build configuration list for PBXProject "idus_Assignment" */ = {
			isa = XCConfigurationList;
			buildConfigurations = (
				B3E5253F28A526BB00FBA21C /* Debug */,
				B3E5254028A526BB00FBA21C /* Release */,
			);
			defaultConfigurationIsVisible = 0;
			defaultConfigurationName = Release;
		};
		B3E5254128A526BB00FBA21C /* Build configuration list for PBXNativeTarget "idus_Assignment" */ = {
			isa = XCConfigurationList;
			buildConfigurations = (
				B3E5254228A526BB00FBA21C /* Debug */,
				B3E5254328A526BB00FBA21C /* Release */,
			);
			defaultConfigurationIsVisible = 0;
			defaultConfigurationName = Release;
		};
/* End XCConfigurationList section */
	};
	rootObject = B3E5252528A526B800FBA21C /* Project object */;
}
